
Microsoft Visual Studio Solution File, Format Version 12.00
# Visual Studio Version 17
VisualStudioVersion = 17.13.35825.156 d17.13
MinimumVisualStudioVersion = 10.0.40219.1
Project("{FAE04EC0-301F-11D3-BF4B-00C04F79EFBC}") = "EMOC20250319.AppWebMVC", "EMOC20250319.AppWebMVC\EMOC20250319.AppWebMVC.csproj", "{71177C6F-23A1-45B3-B1CE-D54FEB0765CB}"
EndProject
Global
	GlobalSection(SolutionConfigurationPlatforms) = preSolution
		Debug|Any CPU = Debug|Any CPU
		Release|Any CPU = Release|Any CPU
	EndGlobalSection
	GlobalSection(ProjectConfigurationPlatforms) = postSolution
		{71177C6F-23A1-45B3-B1CE-D54FEB0765CB}.Debug|Any CPU.ActiveCfg = Debug|Any CPU
		{71177C6F-23A1-45B3-B1CE-D54FEB0765CB}.Debug|Any CPU.Build.0 = Debug|Any CPU
		{71177C6F-23A1-45B3-B1CE-D54FEB0765CB}.Release|Any CPU.ActiveCfg = Release|Any CPU
		{71177C6F-23A1-45B3-B1CE-D54FEB0765CB}.Release|Any CPU.Build.0 = Release|Any CPU
	EndGlobalSection
	GlobalSection(SolutionProperties) = preSolution
		HideSolutionNode = FALSE
	EndGlobalSection
	GlobalSection(ExtensibilityGlobals) = postSolution
		SolutionGuid = {483F2F7A-34A7-43F7-82F3-0462D1E1E155}
	EndGlobalSection
EndGlobal
